Microsoft Visual Studio Solution File, Format Version 12.00
# Visual Studio 15
VisualStudioVersion = 15.0.26124.0
MinimumVisualStudioVersion = 15.0.26124.0
Project("{9A19103F-16F7-4668-BE54-9A1E7A4F7556}") = "SearchAndCompareUi.Shared", "shared\SearchAndCompareUi.Shared.csproj", "{E6BC67D7-901E-49B6-909E-5C3C699D6194}"
EndProject
Project("{9A19103F-16F7-4668-BE54-9A1E7A4F7556}") = "SearchAndCompareUi", "src\SearchAndCompareUi.csproj", "{83AA01DC-6869-4403-91C3-FE45F9C6B946}"
EndProject
Project("{9A19103F-16F7-4668-BE54-9A1E7A4F7556}") = "SearchAndCompareUI.Tests", "tests\SearchAndCompareUI.Tests.csproj", "{1B2D469A-39F3-4701-9AF9-CCE878BC61DF}"
EndProject
Project("{2150E333-8FDC-42A3-9474-1A3956D46DE8}") = "Solution Items", "Solution Items", "{B312634F-9CFE-4A03-B2E9-9A4F4573A4BA}"
	ProjectSection(SolutionItems) = preProject
		.gitignore = .gitignore
		.travis.yml = .travis.yml
		Dockerfile = Dockerfile
		Dockerfile.rhel7 = Dockerfile.rhel7
		global.json = global.json
		Nuget.config = Nuget.config
		package.json = package.json
		README.md = README.md
		travis-build.sh = travis-build.sh
	EndProjectSection
EndProject
Global
	GlobalSection(SolutionConfigurationPlatforms) = preSolution
		Debug|Any CPU = Debug|Any CPU
		Debug|x64 = Debug|x64
		Debug|x86 = Debug|x86
		Release|Any CPU = Release|Any CPU
		Release|x64 = Release|x64
		Release|x86 = Release|x86
	EndGlobalSection
	GlobalSection(ProjectConfigurationPlatforms) = postSolution
		{E6BC67D7-901E-49B6-909E-5C3C699D6194}.Debug|Any CPU.ActiveCfg = Debug|Any CPU
		{E6BC67D7-901E-49B6-909E-5C3C699D6194}.Debug|Any CPU.Build.0 = Debug|Any CPU
		{E6BC67D7-901E-49B6-909E-5C3C699D6194}.Debug|x64.ActiveCfg = Debug|Any CPU
		{E6BC67D7-901E-49B6-909E-5C3C699D6194}.Debug|x64.Build.0 = Debug|Any CPU
		{E6BC67D7-901E-49B6-909E-5C3C699D6194}.Debug|x86.ActiveCfg = Debug|Any CPU
		{E6BC67D7-901E-49B6-909E-5C3C699D6194}.Debug|x86.Build.0 = Debug|Any CPU
		{E6BC67D7-901E-49B6-909E-5C3C699D6194}.Release|Any CPU.ActiveCfg = Release|Any CPU
		{E6BC67D7-901E-49B6-909E-5C3C699D6194}.Release|Any CPU.Build.0 = Release|Any CPU
		{E6BC67D7-901E-49B6-909E-5C3C699D6194}.Release|x64.ActiveCfg = Release|Any CPU
		{E6BC67D7-901E-49B6-909E-5C3C699D6194}.Release|x64.Build.0 = Release|Any CPU
		{E6BC67D7-901E-49B6-909E-5C3C699D6194}.Release|x86.ActiveCfg = Release|Any CPU
		{E6BC67D7-901E-49B6-909E-5C3C699D6194}.Release|x86.Build.0 = Release|Any CPU
		{83AA01DC-6869-4403-91C3-FE45F9C6B946}.Debug|Any CPU.ActiveCfg = Debug|Any CPU
		{83AA01DC-6869-4403-91C3-FE45F9C6B946}.Debug|Any CPU.Build.0 = Debug|Any CPU
		{83AA01DC-6869-4403-91C3-FE45F9C6B946}.Debug|x64.ActiveCfg = Debug|Any CPU
		{83AA01DC-6869-4403-91C3-FE45F9C6B946}.Debug|x64.Build.0 = Debug|Any CPU
		{83AA01DC-6869-4403-91C3-FE45F9C6B946}.Debug|x86.ActiveCfg = Debug|Any CPU
		{83AA01DC-6869-4403-91C3-FE45F9C6B946}.Debug|x86.Build.0 = Debug|Any CPU
		{83AA01DC-6869-4403-91C3-FE45F9C6B946}.Release|Any CPU.ActiveCfg = Release|Any CPU
		{83AA01DC-6869-4403-91C3-FE45F9C6B946}.Release|Any CPU.Build.0 = Release|Any CPU
		{83AA01DC-6869-4403-91C3-FE45F9C6B946}.Release|x64.ActiveCfg = Release|Any CPU
		{83AA01DC-6869-4403-91C3-FE45F9C6B946}.Release|x64.Build.0 = Release|Any CPU
		{83AA01DC-6869-4403-91C3-FE45F9C6B946}.Release|x86.ActiveCfg = Release|Any CPU
		{83AA01DC-6869-4403-91C3-FE45F9C6B946}.Release|x86.Build.0 = Release|Any CPU
		{1B2D469A-39F3-4701-9AF9-CCE878BC61DF}.Debug|Any CPU.ActiveCfg = Debug|Any CPU
		{1B2D469A-39F3-4701-9AF9-CCE878BC61DF}.Debug|Any CPU.Build.0 = Debug|Any CPU
		{1B2D469A-39F3-4701-9AF9-CCE878BC61DF}.Debug|x64.ActiveCfg = Debug|Any CPU
		{1B2D469A-39F3-4701-9AF9-CCE878BC61DF}.Debug|x64.Build.0 = Debug|Any CPU
		{1B2D469A-39F3-4701-9AF9-CCE878BC61DF}.Debug|x86.ActiveCfg = Debug|Any CPU
		{1B2D469A-39F3-4701-9AF9-CCE878BC61DF}.Debug|x86.Build.0 = Debug|Any CPU
		{1B2D469A-39F3-4701-9AF9-CCE878BC61DF}.Release|Any CPU.ActiveCfg = Release|Any CPU
		{1B2D469A-39F3-4701-9AF9-CCE878BC61DF}.Release|Any CPU.Build.0 = Release|Any CPU
		{1B2D469A-39F3-4701-9AF9-CCE878BC61DF}.Release|x64.ActiveCfg = Release|Any CPU
		{1B2D469A-39F3-4701-9AF9-CCE878BC61DF}.Release|x64.Build.0 = Release|Any CPU
		{1B2D469A-39F3-4701-9AF9-CCE878BC61DF}.Release|x86.ActiveCfg = Release|Any CPU
		{1B2D469A-39F3-4701-9AF9-CCE878BC61DF}.Release|x86.Build.0 = Release|Any CPU
	EndGlobalSection
	GlobalSection(SolutionProperties) = preSolution
		HideSolutionNode = FALSE
	EndGlobalSection
	GlobalSection(ExtensibilityGlobals) = postSolution
		SolutionGuid = {EE7EE0FF-7E99-483A-8A24-E8375341C05A}
	EndGlobalSection
EndGlobal
